
Microsoft Visual Studio Solution File, Format Version 12.00
# Visual Studio Version 16
VisualStudioVersion = 16.0.31025.194
MinimumVisualStudioVersion = 15.0.26124.0
Project("{9A19103F-16F7-4668-BE54-9A1E7A4F7556}") = "StoreDL", "StoreDL\StoreDL.csproj", "{BC1945EB-7028-4726-8B0B-7ACE4EEE5702}"
EndProject
Project("{FAE04EC0-301F-11D3-BF4B-00C04F79EFBC}") = "StoreMVC", "StoreMVC\StoreMVC.csproj", "{3E73D1D2-CEBE-4387-AC15-00BAB0ED8B21}"
EndProject
Project("{FAE04EC0-301F-11D3-BF4B-00C04F79EFBC}") = "StoreBL", "StoreBL\StoreBL.csproj", "{39027934-AE55-4D90-BAB5-8C529DC382C5}"
EndProject
Project("{FAE04EC0-301F-11D3-BF4B-00C04F79EFBC}") = "StoreModels", "StoreModels\StoreModels.csproj", "{0547BA3B-47EB-4715-B412-3604297478A6}"
EndProject
Global
	GlobalSection(SolutionConfigurationPlatforms) = preSolution
		Debug|Any CPU = Debug|Any CPU
		Debug|x64 = Debug|x64
		Debug|x86 = Debug|x86
		Release|Any CPU = Release|Any CPU
		Release|x64 = Release|x64
		Release|x86 = Release|x86
	EndGlobalSection
	GlobalSection(ProjectConfigurationPlatforms) = postSolution
		{BC1945EB-7028-4726-8B0B-7ACE4EEE5702}.Debug|Any CPU.ActiveCfg = Debug|Any CPU
		{BC1945EB-7028-4726-8B0B-7ACE4EEE5702}.Debug|Any CPU.Build.0 = Debug|Any CPU
		{BC1945EB-7028-4726-8B0B-7ACE4EEE5702}.Debug|x64.ActiveCfg = Debug|Any CPU
		{BC1945EB-7028-4726-8B0B-7ACE4EEE5702}.Debug|x64.Build.0 = Debug|Any CPU
		{BC1945EB-7028-4726-8B0B-7ACE4EEE5702}.Debug|x86.ActiveCfg = Debug|Any CPU
		{BC1945EB-7028-4726-8B0B-7ACE4EEE5702}.Debug|x86.Build.0 = Debug|Any CPU
		{BC1945EB-7028-4726-8B0B-7ACE4EEE5702}.Release|Any CPU.ActiveCfg = Release|Any CPU
		{BC1945EB-7028-4726-8B0B-7ACE4EEE5702}.Release|Any CPU.Build.0 = Release|Any CPU
		{BC1945EB-7028-4726-8B0B-7ACE4EEE5702}.Release|x64.ActiveCfg = Release|Any CPU
		{BC1945EB-7028-4726-8B0B-7ACE4EEE5702}.Release|x64.Build.0 = Release|Any CPU
		{BC1945EB-7028-4726-8B0B-7ACE4EEE5702}.Release|x86.ActiveCfg = Release|Any CPU
		{BC1945EB-7028-4726-8B0B-7ACE4EEE5702}.Release|x86.Build.0 = Release|Any CPU
		{3E73D1D2-CEBE-4387-AC15-00BAB0ED8B21}.Debug|Any CPU.ActiveCfg = Debug|Any CPU
		{3E73D1D2-CEBE-4387-AC15-00BAB0ED8B21}.Debug|Any CPU.Build.0 = Debug|Any CPU
		{3E73D1D2-CEBE-4387-AC15-00BAB0ED8B21}.Debug|x64.ActiveCfg = Debug|Any CPU
		{3E73D1D2-CEBE-4387-AC15-00BAB0ED8B21}.Debug|x64.Build.0 = Debug|Any CPU
		{3E73D1D2-CEBE-4387-AC15-00BAB0ED8B21}.Debug|x86.ActiveCfg = Debug|Any CPU
		{3E73D1D2-CEBE-4387-AC15-00BAB0ED8B21}.Debug|x86.Build.0 = Debug|Any CPU
		{3E73D1D2-CEBE-4387-AC15-00BAB0ED8B21}.Release|Any CPU.ActiveCfg = Release|Any CPU
		{3E73D1D2-CEBE-4387-AC15-00BAB0ED8B21}.Release|Any CPU.Build.0 = Release|Any CPU
		{3E73D1D2-CEBE-4387-AC15-00BAB0ED8B21}.Release|x64.ActiveCfg = Release|Any CPU
		{3E73D1D2-CEBE-4387-AC15-00BAB0ED8B21}.Release|x64.Build.0 = Release|Any CPU
		{3E73D1D2-CEBE-4387-AC15-00BAB0ED8B21}.Release|x86.ActiveCfg = Release|Any CPU
		{3E73D1D2-CEBE-4387-AC15-00BAB0ED8B21}.Release|x86.Build.0 = Release|Any CPU
		{39027934-AE55-4D90-BAB5-8C529DC382C5}.Debug|Any CPU.ActiveCfg = Debug|Any CPU
		{39027934-AE55-4D90-BAB5-8C529DC382C5}.Debug|Any CPU.Build.0 = Debug|Any CPU
		{39027934-AE55-4D90-BAB5-8C529DC382C5}.Debug|x64.ActiveCfg = Debug|Any CPU
		{39027934-AE55-4D90-BAB5-8C529DC382C5}.Debug|x64.Build.0 = Debug|Any CPU
		{39027934-AE55-4D90-BAB5-8C529DC382C5}.Debug|x86.ActiveCfg = Debug|Any CPU
		{39027934-AE55-4D90-BAB5-8C529DC382C5}.Debug|x86.Build.0 = Debug|Any CPU
		{39027934-AE55-4D90-BAB5-8C529DC382C5}.Release|Any CPU.ActiveCfg = Release|Any CPU
		{39027934-AE55-4D90-BAB5-8C529DC382C5}.Release|Any CPU.Build.0 = Release|Any CPU
		{39027934-AE55-4D90-BAB5-8C529DC382C5}.Release|x64.ActiveCfg = Release|Any CPU
		{39027934-AE55-4D90-BAB5-8C529DC382C5}.Release|x64.Build.0 = Release|Any CPU
		{39027934-AE55-4D90-BAB5-8C529DC382C5}.Release|x86.ActiveCfg = Release|Any CPU
		{39027934-AE55-4D90-BAB5-8C529DC382C5}.Release|x86.Build.0 = Release|Any CPU
		{0547BA3B-47EB-4715-B412-3604297478A6}.Debug|Any CPU.ActiveCfg = Debug|Any CPU
		{0547BA3B-47EB-4715-B412-3604297478A6}.Debug|Any CPU.Build.0 = Debug|Any CPU
		{0547BA3B-47EB-4715-B412-3604297478A6}.Debug|x64.ActiveCfg = Debug|Any CPU
		{0547BA3B-47EB-4715-B412-3604297478A6}.Debug|x64.Build.0 = Debug|Any CPU
		{0547BA3B-47EB-4715-B412-3604297478A6}.Debug|x86.ActiveCfg = Debug|Any CPU
		{0547BA3B-47EB-4715-B412-3604297478A6}.Debug|x86.Build.0 = Debug|Any CPU
		{0547BA3B-47EB-4715-B412-3604297478A6}.Release|Any CPU.ActiveCfg = Release|Any CPU
		{0547BA3B-47EB-4715-B412-3604297478A6}.Release|Any CPU.Build.0 = Release|Any CPU
		{0547BA3B-47EB-4715-B412-3604297478A6}.Release|x64.ActiveCfg = Release|Any CPU
		{0547BA3B-47EB-4715-B412-3604297478A6}.Release|x64.Build.0 = Release|Any CPU
		{0547BA3B-47EB-4715-B412-3604297478A6}.Release|x86.ActiveCfg = Release|Any CPU
		{0547BA3B-47EB-4715-B412-3604297478A6}.Release|x86.Build.0 = Release|Any CPU
	EndGlobalSection
	GlobalSection(SolutionProperties) = preSolution
		HideSolutionNode = FALSE
	EndGlobalSection
	GlobalSection(ExtensibilityGlobals) = postSolution
		SolutionGuid = {12F61254-E653-4BC5-B99B-6E58F3E406FE}
	EndGlobalSection
EndGlobal
